
Microsoft Visual Studio Solution File, Format Version 12.00
# Visual Studio Version 17
VisualStudioVersion = 17.4.33110.190
MinimumVisualStudioVersion = 10.0.40219.1
Project("{9A19103F-16F7-4668-BE54-9A1E7A4F7556}") = "VCMTemplate", "VCMTemplate\VCMTemplate.csproj", "{22D5FF86-3482-4945-97B4-AAC0E20E68CC}"
EndProject
Project("{9A19103F-16F7-4668-BE54-9A1E7A4F7556}") = "VCMT.Thunderstore.DocBuilder", "VCMT.DocBuilder\VCMT.Thunderstore.DocBuilder.csproj", "{DAD479A6-04A7-4006-95AD-DB98D3CD3948}"
EndProject
Project("{FAE04EC0-301F-11D3-BF4B-00C04F79EFBC}") = "VoidCrew.GameLibs", "VoidCrew.GameLibs\VoidCrew.GameLibs.csproj", "{701B9C68-2AD9-45FC-96F7-E48615D668B1}"
EndProject
Global
	GlobalSection(SolutionConfigurationPlatforms) = preSolution
		Debug|Any CPU = Debug|Any CPU
		Release|Any CPU = Release|Any CPU
	EndGlobalSection
	GlobalSection(ProjectConfigurationPlatforms) = postSolution
		{22D5FF86-3482-4945-97B4-AAC0E20E68CC}.Debug|Any CPU.ActiveCfg = Debug|Any CPU
		{22D5FF86-3482-4945-97B4-AAC0E20E68CC}.Debug|Any CPU.Build.0 = Debug|Any CPU
		{22D5FF86-3482-4945-97B4-AAC0E20E68CC}.Release|Any CPU.ActiveCfg = Release|Any CPU
		{22D5FF86-3482-4945-97B4-AAC0E20E68CC}.Release|Any CPU.Build.0 = Release|Any CPU
		{DAD479A6-04A7-4006-95AD-DB98D3CD3948}.Debug|Any CPU.ActiveCfg = Debug|Any CPU
		{DAD479A6-04A7-4006-95AD-DB98D3CD3948}.Debug|Any CPU.Build.0 = Debug|Any CPU
		{DAD479A6-04A7-4006-95AD-DB98D3CD3948}.Release|Any CPU.ActiveCfg = Release|Any CPU
		{DAD479A6-04A7-4006-95AD-DB98D3CD3948}.Release|Any CPU.Build.0 = Release|Any CPU
		{701B9C68-2AD9-45FC-96F7-E48615D668B1}.Debug|Any CPU.ActiveCfg = Debug|Any CPU
		{701B9C68-2AD9-45FC-96F7-E48615D668B1}.Debug|Any CPU.Build.0 = Debug|Any CPU
		{701B9C68-2AD9-45FC-96F7-E48615D668B1}.Release|Any CPU.ActiveCfg = Release|Any CPU
		{701B9C68-2AD9-45FC-96F7-E48615D668B1}.Release|Any CPU.Build.0 = Release|Any CPU
	EndGlobalSection
	GlobalSection(SolutionProperties) = preSolution
		HideSolutionNode = FALSE
	EndGlobalSection
	GlobalSection(ExtensibilityGlobals) = postSolution
		SolutionGuid = {A892C6F6-68FC-4C00-88CE-798D1461D642}
	EndGlobalSection
EndGlobal
